
Microsoft Visual Studio Solution File, Format Version 12.00
# Visual Studio 15
Project("{FAE04EC0-301F-11D3-BF4B-00C04F79EFBC}") = "CoiMod.Editor", "CoiMod.Editor.csproj", "{2E26E327-9D01-0BC8-2DE1-348930E4B956}"
EndProject
Project("{FAE04EC0-301F-11D3-BF4B-00C04F79EFBC}") = "CoiMod.Unity", "CoiMod.Unity.csproj", "{CE6DF52C-A869-42A2-38B6-727D7BB8E737}"
EndProject
Global
	GlobalSection(SolutionConfigurationPlatforms) = preSolution
		Debug|Any CPU = Debug|Any CPU
		Release|Any CPU = Release|Any CPU
	EndGlobalSection
	GlobalSection(ProjectConfigurationPlatforms) = postSolution
		{2E26E327-9D01-0BC8-2DE1-348930E4B956}.Debug|Any CPU.ActiveCfg = Debug|Any CPU
		{2E26E327-9D01-0BC8-2DE1-348930E4B956}.Debug|Any CPU.Build.0 = Debug|Any CPU
		{2E26E327-9D01-0BC8-2DE1-348930E4B956}.Release|Any CPU.ActiveCfg = Release|Any CPU
		{2E26E327-9D01-0BC8-2DE1-348930E4B956}.Release|Any CPU.Build.0 = Release|Any CPU
		{CE6DF52C-A869-42A2-38B6-727D7BB8E737}.Debug|Any CPU.ActiveCfg = Debug|Any CPU
		{CE6DF52C-A869-42A2-38B6-727D7BB8E737}.Debug|Any CPU.Build.0 = Debug|Any CPU
		{CE6DF52C-A869-42A2-38B6-727D7BB8E737}.Release|Any CPU.ActiveCfg = Release|Any CPU
		{CE6DF52C-A869-42A2-38B6-727D7BB8E737}.Release|Any CPU.Build.0 = Release|Any CPU
	EndGlobalSection
	GlobalSection(SolutionProperties) = preSolution
		HideSolutionNode = FALSE
	EndGlobalSection
EndGlobal
