
Microsoft Visual Studio Solution File, Format Version 12.00
# Visual Studio 15
Project("{FAE04EC0-301F-11D3-BF4B-00C04F79EFBC}") = "CoiMod.Editor", "CoiMod.Editor.csproj", "{A5BD575B-4F75-CD34-C4D6-EA237191EBA6}"
EndProject
Project("{FAE04EC0-301F-11D3-BF4B-00C04F79EFBC}") = "CoiMod.Unity", "CoiMod.Unity.csproj", "{773E8CC3-BA86-4A2E-CD70-B634E006A241}"
EndProject
Global
	GlobalSection(SolutionConfigurationPlatforms) = preSolution
		Debug|Any CPU = Debug|Any CPU
		Release|Any CPU = Release|Any CPU
	EndGlobalSection
	GlobalSection(ProjectConfigurationPlatforms) = postSolution
		{A5BD575B-4F75-CD34-C4D6-EA237191EBA6}.Debug|Any CPU.ActiveCfg = Debug|Any CPU
		{A5BD575B-4F75-CD34-C4D6-EA237191EBA6}.Debug|Any CPU.Build.0 = Debug|Any CPU
		{A5BD575B-4F75-CD34-C4D6-EA237191EBA6}.Release|Any CPU.ActiveCfg = Release|Any CPU
		{A5BD575B-4F75-CD34-C4D6-EA237191EBA6}.Release|Any CPU.Build.0 = Release|Any CPU
		{773E8CC3-BA86-4A2E-CD70-B634E006A241}.Debug|Any CPU.ActiveCfg = Debug|Any CPU
		{773E8CC3-BA86-4A2E-CD70-B634E006A241}.Debug|Any CPU.Build.0 = Debug|Any CPU
		{773E8CC3-BA86-4A2E-CD70-B634E006A241}.Release|Any CPU.ActiveCfg = Release|Any CPU
		{773E8CC3-BA86-4A2E-CD70-B634E006A241}.Release|Any CPU.Build.0 = Release|Any CPU
	EndGlobalSection
	GlobalSection(SolutionProperties) = preSolution
		HideSolutionNode = FALSE
	EndGlobalSection
EndGlobal
